// !$*UTF8*$!
{
	archiveVersion = 1;
	classes = {
	};
	objectVersion = 46;
	objects = {

/* Begin PBXBuildFile section */
		91BB427D19C4B9BF00D84F0D /* AppDelegate.swift in Sources */ = {isa = PBXBuildFile; fileRef = 91BB427C19C4B9BF00D84F0D /* AppDelegate.swift */; };
		91BB427F19C4B9BF00D84F0D /* ViewController.swift in Sources */ = {isa = PBXBuildFile; fileRef = 91BB427E19C4B9BF00D84F0D /* ViewController.swift */; };
		91BB428219C4B9BF00D84F0D /* Main.storyboard in Resources */ = {isa = PBXBuildFile; fileRef = 91BB428019C4B9BF00D84F0D /* Main.storyboard */; };
		91BB428419C4B9BF00D84F0D /* Images.xcassets in Resources */ = {isa = PBXBuildFile; fileRef = 91BB428319C4B9BF00D84F0D /* Images.xcassets */; };
		91BB428719C4B9BF00D84F0D /* LaunchScreen.xib in Resources */ = {isa = PBXBuildFile; fileRef = 91BB428519C4B9BF00D84F0D /* LaunchScreen.xib */; };
		91BB429319C4B9C000D84F0D /* PostcardTests.swift in Sources */ = {isa = PBXBuildFile; fileRef = 91BB429219C4B9C000D84F0D /* PostcardTests.swift */; };
		91BB429D19C4BECD00D84F0D /* One_Piece_390_18_19color.jpg in Resources */ = {isa = PBXBuildFile; fileRef = 91BB429C19C4BECD00D84F0D /* One_Piece_390_18_19color.jpg */; };
		91BB429F19C4C2A600D84F0D /* One_Piece_412_10_11.jpg in Resources */ = {isa = PBXBuildFile; fileRef = 91BB429E19C4C2A600D84F0D /* One_Piece_412_10_11.jpg */; };
/* End PBXBuildFile section */

/* Begin PBXContainerItemProxy section */
		91BB428D19C4B9C000D84F0D /* PBXContainerItemProxy */ = {
			isa = PBXContainerItemProxy;
			containerPortal = 91BB426F19C4B9BF00D84F0D /* Project object */;
			proxyType = 1;
			remoteGlobalIDString = 91BB427619C4B9BF00D84F0D;
			remoteInfo = Postcard;
		};
/* End PBXContainerItemProxy section */

/* Begin PBXFileReference section */
		91BB427719C4B9BF00D84F0D /* Postcard.app */ = {isa = PBXFileReference; explicitFileType = wrapper.application; includeInIndex = 0; path = Postcard.app; sourceTree = BUILT_PRODUCTS_DIR; };
		91BB427B19C4B9BF00D84F0D /* Info.plist */ = {isa = PBXFileReference; lastKnownFileType = text.plist.xml; path = Info.plist; sourceTree = "<group>"; };
		91BB427C19C4B9BF00D84F0D /* AppDelegate.swift */ = {isa = PBXFileReference; lastKnownFileType = sourcecode.swift; path = AppDelegate.swift; sourceTree = "<group>"; };
		91BB427E19C4B9BF00D84F0D /* ViewController.swift */ = {isa = PBXFileReference; lastKnownFileType = sourcecode.swift; path = ViewController.swift; sourceTree = "<group>"; };
		91BB428119C4B9BF00D84F0D /* Base */ = {isa = PBXFileReference; lastKnownFileType = file.storyboard; name = Base; path = Base.lproj/Main.storyboard; sourceTree = "<group>"; };
		91BB428319C4B9BF00D84F0D /* Images.xcassets */ = {isa = PBXFileReference; lastKnownFileType = folder.assetcatalog; path = Images.xcassets; sourceTree = "<group>"; };
		91BB428619C4B9BF00D84F0D /* Base */ = {isa = PBXFileReference; lastKnownFileType = file.xib; name = Base; path = Base.lproj/LaunchScreen.xib; sourceTree = "<group>"; };
		91BB428C19C4B9C000D84F0D /* PostcardTests.xctest */ = {isa = PBXFileReference; explicitFileType = wrapper.cfbundle; includeInIndex = 0; path = PostcardTests.xctest; sourceTree = BUILT_PRODUCTS_DIR; };
		91BB429119C4B9C000D84F0D /* Info.plist */ = {isa = PBXFileReference; lastKnownFileType = text.plist.xml; path = Info.plist; sourceTree = "<group>"; };
		91BB429219C4B9C000D84F0D /* PostcardTests.swift */ = {isa = PBXFileReference; lastKnownFileType = sourcecode.swift; path = PostcardTests.swift; sourceTree = "<group>"; };
		91BB429C19C4BECD00D84F0D /* One_Piece_390_18_19color.jpg */ = {isa = PBXFileReference; lastKnownFileType = image.jpeg; name = One_Piece_390_18_19color.jpg; path = ../../../../Pictures/One_Piece_390_18_19color.jpg; sourceTree = "<group>"; };
		91BB429E19C4C2A600D84F0D /* One_Piece_412_10_11.jpg */ = {isa = PBXFileReference; lastKnownFileType = image.jpeg; path = One_Piece_412_10_11.jpg; sourceTree = "<group>"; };
/* End PBXFileReference section */

/* Begin PBXFrameworksBuildPhase section */
		91BB427419C4B9BF00D84F0D /* Frameworks */ = {
			isa = PBXFrameworksBuildPhase;
			buildActionMask = 2147483647;
			files = (
			);
			runOnlyForDeploymentPostprocessing = 0;
		};
		91BB428919C4B9C000D84F0D /* Frameworks */ = {
			isa = PBXFrameworksBuildPhase;
			buildActionMask = 2147483647;
			files = (
			);
			runOnlyForDeploymentPostprocessing = 0;
		};
/* End PBXFrameworksBuildPhase section */

/* Begin PBXGroup section */
		91BB426E19C4B9BF00D84F0D = {
			isa = PBXGroup;
			children = (
				91BB427919C4B9BF00D84F0D /* Postcard */,
				91BB428F19C4B9C000D84F0D /* PostcardTests */,
				91BB427819C4B9BF00D84F0D /* Products */,
			);
			sourceTree = "<group>";
		};
		91BB427819C4B9BF00D84F0D /* Products */ = {
			isa = PBXGroup;
			children = (
				91BB427719C4B9BF00D84F0D /* Postcard.app */,
				91BB428C19C4B9C000D84F0D /* PostcardTests.xctest */,
			);
			name = Products;
			sourceTree = "<group>";
		};
		91BB427919C4B9BF00D84F0D /* Postcard */ = {
			isa = PBXGroup;
			children = (
				91BB427C19C4B9BF00D84F0D /* AppDelegate.swift */,
				91BB427E19C4B9BF00D84F0D /* ViewController.swift */,
				91BB428019C4B9BF00D84F0D /* Main.storyboard */,
				91BB428319C4B9BF00D84F0D /* Images.xcassets */,
				91BB428519C4B9BF00D84F0D /* LaunchScreen.xib */,
				91BB427A19C4B9BF00D84F0D /* Supporting Files */,
			);
			path = Postcard;
			sourceTree = "<group>";
		};
		91BB427A19C4B9BF00D84F0D /* Supporting Files */ = {
			isa = PBXGroup;
			children = (
				91BB429E19C4C2A600D84F0D /* One_Piece_412_10_11.jpg */,
				91BB429C19C4BECD00D84F0D /* One_Piece_390_18_19color.jpg */,
				91BB427B19C4B9BF00D84F0D /* Info.plist */,
			);
			name = "Supporting Files";
			sourceTree = "<group>";
		};
		91BB428F19C4B9C000D84F0D /* PostcardTests */ = {
			isa = PBXGroup;
			children = (
				91BB429219C4B9C000D84F0D /* PostcardTests.swift */,
				91BB429019C4B9C000D84F0D /* Supporting Files */,
			);
			path = PostcardTests;
			sourceTree = "<group>";
		};
		91BB429019C4B9C000D84F0D /* Supporting Files */ = {
			isa = PBXGroup;
			children = (
				91BB429119C4B9C000D84F0D /* Info.plist */,
			);
			name = "Supporting Files";
			sourceTree = "<group>";
		};
/* End PBXGroup section */

/* Begin PBXNativeTarget section */
		91BB427619C4B9BF00D84F0D /* Postcard */ = {
			isa = PBXNativeTarget;
			buildConfigurationList = 91BB429619C4B9C000D84F0D /* Build configuration list for PBXNativeTarget "Postcard" */;
			buildPhases = (
				91BB427319C4B9BF00D84F0D /* Sources */,
				91BB427419C4B9BF00D84F0D /* Frameworks */,
				91BB427519C4B9BF00D84F0D /* Resources */,
			);
			buildRules = (
			);
			dependencies = (
			);
			name = Postcard;
			productName = Postcard;
			productReference = 91BB427719C4B9BF00D84F0D /* Postcard.app */;
			productType = "com.apple.product-type.application";
		};
		91BB428B19C4B9C000D84F0D /* PostcardTests */ = {
			isa = PBXNativeTarget;
			buildConfigurationList = 91BB429919C4B9C000D84F0D /* Build configuration list for PBXNativeTarget "PostcardTests" */;
			buildPhases = (
				91BB428819C4B9C000D84F0D /* Sources */,
				91BB428919C4B9C000D84F0D /* Frameworks */,
				91BB428A19C4B9C000D84F0D /* Resources */,
			);
			buildRules = (
			);
			dependencies = (
				91BB428E19C4B9C000D84F0D /* PBXTargetDependency */,
			);
			name = PostcardTests;
			productName = PostcardTests;
			productReference = 91BB428C19C4B9C000D84F0D /* PostcardTests.xctest */;
			productType = "com.apple.product-type.bundle.unit-test";
		};
/* End PBXNativeTarget section */

/* Begin PBXProject section */
		91BB426F19C4B9BF00D84F0D /* Project object */ = {
			isa = PBXProject;
			attributes = {
				LastUpgradeCheck = 0600;
				ORGANIZATIONNAME = "Dominique Tillman";
				TargetAttributes = {
					91BB427619C4B9BF00D84F0D = {
						CreatedOnToolsVersion = 6.0;
					};
					91BB428B19C4B9C000D84F0D = {
						CreatedOnToolsVersion = 6.0;
						TestTargetID = 91BB427619C4B9BF00D84F0D;
					};
				};
			};
			buildConfigurationList = 91BB427219C4B9BF00D84F0D /* Build configuration list for PBXProject "Postcard" */;
			compatibilityVersion = "Xcode 3.2";
			developmentRegion = English;
			hasScannedForEncodings = 0;
			knownRegions = (
				en,
				Base,
			);
			mainGroup = 91BB426E19C4B9BF00D84F0D;
			productRefGroup = 91BB427819C4B9BF00D84F0D /* Products */;
			projectDirPath = "";
			projectRoot = "";
			targets = (
				91BB427619C4B9BF00D84F0D /* Postcard */,
				91BB428B19C4B9C000D84F0D /* PostcardTests */,
			);
		};
/* End PBXProject section */

/* Begin PBXResourcesBuildPhase section */
		91BB427519C4B9BF00D84F0D /* Resources */ = {
			isa = PBXResourcesBuildPhase;
			buildActionMask = 2147483647;
			files = (
				91BB429F19C4C2A600D84F0D /* One_Piece_412_10_11.jpg in Resources */,
				91BB428219C4B9BF00D84F0D /* Main.storyboard in Resources */,
				91BB429D19C4BECD00D84F0D /* One_Piece_390_18_19color.jpg in Resources */,
				91BB428719C4B9BF00D84F0D /* LaunchScreen.xib in Resources */,
				91BB428419C4B9BF00D84F0D /* Images.xcassets in Resources */,
			);
			runOnlyForDeploymentPostprocessing = 0;
		};
		91BB428A19C4B9C000D84F0D /* Resources */ = {
			isa = PBXResourcesBuildPhase;
			buildActionMask = 2147483647;
			files = (
			);
			runOnlyForDeploymentPostprocessing = 0;
		};
/* End PBXResourcesBuildPhase section */

/* Begin PBXSourcesBuildPhase section */
		91BB427319C4B9BF00D84F0D /* Sources */ = {
			isa = PBXSourcesBuildPhase;
			buildActionMask = 2147483647;
			files = (
				91BB427F19C4B9BF00D84F0D /* ViewController.swift in Sources */,
				91BB427D19C4B9BF00D84F0D /* AppDelegate.swift in Sources */,
			);
			runOnlyForDeploymentPostprocessing = 0;
		};
		91BB428819C4B9C000D84F0D /* Sources */ = {
			isa = PBXSourcesBuildPhase;
			buildActionMask = 2147483647;
			files = (
				91BB429319C4B9C000D84F0D /* PostcardTests.swift in Sources */,
			);
			runOnlyForDeploymentPostprocessing = 0;
		};
/* End PBXSourcesBuildPhase section */

/* Begin PBXTargetDependency section */
		91BB428E19C4B9C000D84F0D /* PBXTargetDependency */ = {
			isa = PBXTargetDependency;
			target = 91BB427619C4B9BF00D84F0D /* Postcard */;
			targetProxy = 91BB428D19C4B9C000D84F0D /* PBXContainerItemProxy */;
		};
/* End PBXTargetDependency section */

/* Begin PBXVariantGroup section */
		91BB428019C4B9BF00D84F0D /* Main.storyboard */ = {
			isa = PBXVariantGroup;
			children = (
				91BB428119C4B9BF00D84F0D /* Base */,
			);
			name = Main.storyboard;
			sourceTree = "<group>";
		};
		91BB428519C4B9BF00D84F0D /* LaunchScreen.xib */ = {
			isa = PBXVariantGroup;
			children = (
				91BB428619C4B9BF00D84F0D /* Base */,
			);
			name = LaunchScreen.xib;
			sourceTree = "<group>";
		};
/* End PBXVariantGroup section */

/* Begin XCBuildConfiguration section */
		91BB429419C4B9C000D84F0D /* Debug */ = {
			isa = XCBuildConfiguration;
			buildSettings = {
				ALWAYS_SEARCH_USER_PATHS = NO;
				CLANG_CXX_LANGUAGE_STANDARD = "gnu++0x";
				CLANG_CXX_LIBRARY = "libc++";
				CLANG_ENABLE_MODULES = YES;
				CLANG_ENABLE_OBJC_ARC = YES;
				CLANG_WARN_BOOL_CONVERSION = YES;
				CLANG_WARN_CONSTANT_CONVERSION = YES;
				CLANG_WARN_DIRECT_OBJC_ISA_USAGE = YES_ERROR;
				CLANG_WARN_EMPTY_BODY = YES;
				CLANG_WARN_ENUM_CONVERSION = YES;
				CLANG_WARN_INT_CONVERSION = YES;
				CLANG_WARN_OBJC_ROOT_CLASS = YES_ERROR;
				CLANG_WARN_UNREACHABLE_CODE = YES;
				CLANG_WARN__DUPLICATE_METHOD_MATCH = YES;
				"CODE_SIGN_IDENTITY[sdk=iphoneos*]" = "iPhone Developer";
				COPY_PHASE_STRIP = NO;
				ENABLE_STRICT_OBJC_MSGSEND = YES;
				GCC_C_LANGUAGE_STANDARD = gnu99;
				GCC_DYNAMIC_NO_PIC = NO;
				GCC_OPTIMIZATION_LEVEL = 0;
				GCC_PREPROCESSOR_DEFINITIONS = (
					"DEBUG=1",
					"$(inherited)",
				);
				GCC_SYMBOLS_PRIVATE_EXTERN = NO;
				GCC_WARN_64_TO_32_BIT_CONVERSION = YES;
				GCC_WARN_ABOUT_RETURN_TYPE = YES_ERROR;
				GCC_WARN_UNDECLARED_SELECTOR = YES;
				GCC_WARN_UNINITIALIZED_AUTOS = YES_AGGRESSIVE;
				GCC_WARN_UNUSED_FUNCTION = YES;
				GCC_WARN_UNUSED_VARIABLE = YES;
				IPHONEOS_DEPLOYMENT_TARGET = 8.0;
				MTL_ENABLE_DEBUG_INFO = YES;
				ONLY_ACTIVE_ARCH = YES;
				SDKROOT = iphoneos;
				SWIFT_OPTIMIZATION_LEVEL = "-Onone";
			};
			name = Debug;
		};
		91BB429519C4B9C000D84F0D /* Release */ = {
			isa = XCBuildConfiguration;
			buildSettings = {
				ALWAYS_SEARCH_USER_PATHS = NO;
				CLANG_CXX_LANGUAGE_STANDARD = "gnu++0x";
				CLANG_CXX_LIBRARY = "libc++";
				CLANG_ENABLE_MODULES = YES;
				CLANG_ENABLE_OBJC_ARC = YES;
				CLANG_WARN_BOOL_CONVERSION = YES;
				CLANG_WARN_CONSTANT_CONVERSION = YES;
				CLANG_WARN_DIRECT_OBJC_ISA_USAGE = YES_ERROR;
				CLANG_WARN_EMPTY_BODY = YES;
				CLANG_WARN_ENUM_CONVERSION = YES;
				CLANG_WARN_INT_CONVERSION = YES;
				CLANG_WARN_OBJC_ROOT_CLASS = YES_ERROR;
				CLANG_WARN_UNREACHABLE_CODE = YES;
				CLANG_WARN__DUPLICATE_METHOD_MATCH = YES;
				"CODE_SIGN_IDENTITY[sdk=iphoneos*]" = "iPhone Developer";
				COPY_PHASE_STRIP = YES;
				ENABLE_NS_ASSERTIONS = NO;
				ENABLE_STRICT_OBJC_MSGSEND = YES;
				GCC_C_LANGUAGE_STANDARD = gnu99;
				GCC_WARN_64_TO_32_BIT_CONVERSION = YES;
				GCC_WARN_ABOUT_RETURN_TYPE = YES_ERROR;
				GCC_WARN_UNDECLARED_SELECTOR = YES;
				GCC_WARN_UNINITIALIZED_AUTOS = YES_AGGRESSIVE;
				GCC_WARN_UNUSED_FUNCTION = YES;
				GCC_WARN_UNUSED_VARIABLE = YES;
				IPHONEOS_DEPLOYMENT_TARGET = 8.0;
				MTL_ENABLE_DEBUG_INFO = NO;
				SDKROOT = iphoneos;
				VALIDATE_PRODUCT = YES;
			};
			name = Release;
		};
		91BB429719C4B9C000D84F0D /* Debug */ = {
			isa = XCBuildConfiguration;
			buildSettings = {
				ASSETCATALOG_COMPILER_APPICON_NAME = AppIcon;
				INFOPLIST_FILE = Postcard/Info.plist;
				LD_RUNPATH_SEARCH_PATHS = "$(inherited) @executable_path/Frameworks";
				PRODUCT_NAME = "$(TARGET_NAME)";
			};
			name = Debug;
		};
		91BB429819C4B9C000D84F0D /* Release */ = {
			isa = XCBuildConfiguration;
			buildSettings = {
				ASSETCATALOG_COMPILER_APPICON_NAME = AppIcon;
				INFOPLIST_FILE = Postcard/Info.plist;
				LD_RUNPATH_SEARCH_PATHS = "$(inherited) @executable_path/Frameworks";
				PRODUCT_NAME = "$(TARGET_NAME)";
			};
			name = Release;
		};
		91BB429A19C4B9C000D84F0D /* Debug */ = {
			isa = XCBuildConfiguration;
			buildSettings = {
				BUNDLE_LOADER = "$(TEST_HOST)";
				FRAMEWORK_SEARCH_PATHS = (
					"$(SDKROOT)/Developer/Library/Frameworks",
					"$(inherited)",
				);
				GCC_PREPROCESSOR_DEFINITIONS = (
					"DEBUG=1",
					"$(inherited)",
				);
				INFOPLIST_FILE = PostcardTests/Info.plist;
				LD_RUNPATH_SEARCH_PATHS = "$(inherited) @executable_path/Frameworks @loader_path/Frameworks";
				PRODUCT_NAME = "$(TARGET_NAME)";
				TEST_HOST = "$(BUILT_PRODUCTS_DIR)/Postcard.app/Postcard";
			};
			name = Debug;
		};
		91BB429B19C4B9C000D84F0D /* Release */ = {
			isa = XCBuildConfiguration;
			buildSettings = {
				BUNDLE_LOADER = "$(TEST_HOST)";
				FRAMEWORK_SEARCH_PATHS = (
					"$(SDKROOT)/Developer/Library/Frameworks",
					"$(inherited)",
				);
				INFOPLIST_FILE = PostcardTests/Info.plist;
				LD_RUNPATH_SEARCH_PATHS = "$(inherited) @executable_path/Frameworks @loader_path/Frameworks";
				PRODUCT_NAME = "$(TARGET_NAME)";
				TEST_HOST = "$(BUILT_PRODUCTS_DIR)/Postcard.app/Postcard";
			};
			name = Release;
		};
/* End XCBuildConfiguration section */

/* Begin XCConfigurationList section */
		91BB427219C4B9BF00D84F0D /* Build configuration list for PBXProject "Postcard" */ = {
			isa = XCConfigurationList;
			buildConfigurations = (
				91BB429419C4B9C000D84F0D /* Debug */,
				91BB429519C4B9C000D84F0D /* Release */,
			);
			defaultConfigurationIsVisible = 0;
			defaultConfigurationName = Release;
		};
		91BB429619C4B9C000D84F0D /* Build configuration list for PBXNativeTarget "Postcard" */ = {
			isa = XCConfigurationList;
			buildConfigurations = (
				91BB429719C4B9C000D84F0D /* Debug */,
				91BB429819C4B9C000D84F0D /* Release */,
			);
			defaultConfigurationIsVisible = 0;
		};
		91BB429919C4B9C000D84F0D /* Build configuration list for PBXNativeTarget "PostcardTests" */ = {
			isa = XCConfigurationList;
			buildConfigurations = (
				91BB429A19C4B9C000D84F0D /* Debug */,
				91BB429B19C4B9C000D84F0D /* Release */,
			);
			defaultConfigurationIsVisible = 0;
		};
/* End XCConfigurationList section */
	};
	rootObject = 91BB426F19C4B9BF00D84F0D /* Project object */;
}
